<?xml version="1.0" encoding="UTF-8" standalone="yes" ?>
<CodeBlocks_project_file>
	<FileVersion major="1" minor="6" />
	<Project>
		<Option title="projekat" />
		<Option pch_mode="2" />
		<Option compiler="gcc" />
		<Build>
			<Target title="Debug">
				<Option output="bin/Debug/projekat" prefix_auto="1" extension_auto="1" />
				<Option object_output="obj/Debug/" />
				<Option type="1" />
				<Option compiler="gcc" />
				<Compiler>
					<Add option="-g" />
				</Compiler>
			</Target>
			<Target title="Release">
				<Option output="bin/Release/projekat" prefix_auto="1" extension_auto="1" />
				<Option object_output="obj/Release/" />
				<Option type="1" />
				<Option compiler="gcc" />
				<Compiler>
					<Add option="-O2" />
				</Compiler>
				<Linker>
					<Add option="-s" />
				</Linker>
			</Target>
		</Build>
		<Compiler>
			<Add option="-Wall" />
			<Add option="-fexceptions" />
		</Compiler>
		<Unit filename="Automobil.hpp" />
		<Unit filename="Kamion.hpp" />
		<Unit filename="Korisnik.hpp" />
		<Unit filename="Marka.hpp" />
		<Unit filename="Menjac.hpp" />
		<Unit filename="MestoProdaje.hpp" />
		<Unit filename="Motor.hpp" />
		<Unit filename="Oprema.hpp" />
		<Unit filename="OpremaZaAuto.hpp" />
		<Unit filename="OpremaZaKamion.hpp" />
		<Unit filename="Registracija.hpp" />
		<Unit filename="Skoljka.hpp" />
		<Unit filename="Vozilo.hpp" />
		<Unit filename="fajlvozilo.txt" />
		<Unit filename="main.cpp" />
		<Extensions />
	</Project>
</CodeBlocks_project_file>
